// !$*UTF8*$!
{
	archiveVersion = 1;
	classes = {
	};
	objectVersion = 56;
	objects = {

/* Begin PBXBuildFile section */
		3D075DED2B87DD9B00D6F792 /* FlickrImageSearchApp.swift in Sources */ = {isa = PBXBuildFile; fileRef = 3D075DEC2B87DD9B00D6F792 /* FlickrImageSearchApp.swift */; };
		3D075DF12B87DD9C00D6F792 /* Assets.xcassets in Resources */ = {isa = PBXBuildFile; fileRef = 3D075DF02B87DD9C00D6F792 /* Assets.xcassets */; };
		3D075DF42B87DD9C00D6F792 /* Preview Assets.xcassets in Resources */ = {isa = PBXBuildFile; fileRef = 3D075DF32B87DD9C00D6F792 /* Preview Assets.xcassets */; };
		3D075DFC2B87E50500D6F792 /* Theme.swift in Sources */ = {isa = PBXBuildFile; fileRef = 3D075DFB2B87E50500D6F792 /* Theme.swift */; };
		3D075E052B88CAA200D6F792 /* ImagesStaticData.json in Resources */ = {isa = PBXBuildFile; fileRef = 3D075E042B88CAA200D6F792 /* ImagesStaticData.json */; };
		3D075E072B88D2E800D6F792 /* PhotosSearchResponse.swift in Sources */ = {isa = PBXBuildFile; fileRef = 3D075E062B88D2E800D6F792 /* PhotosSearchResponse.swift */; };
		3D075E0A2B88E0B400D6F792 /* StaticJSONMapper.swift in Sources */ = {isa = PBXBuildFile; fileRef = 3D075E092B88E0B400D6F792 /* StaticJSONMapper.swift */; };
		3D075E0C2B88E68500D6F792 /* ImageSearchView.swift in Sources */ = {isa = PBXBuildFile; fileRef = 3D075E0B2B88E68500D6F792 /* ImageSearchView.swift */; };
		3D075E0E2B88F6D200D6F792 /* ImageCellView.swift in Sources */ = {isa = PBXBuildFile; fileRef = 3D075E0D2B88F6D200D6F792 /* ImageCellView.swift */; };
		3D075E102B88FE2900D6F792 /* Photo.swift in Sources */ = {isa = PBXBuildFile; fileRef = 3D075E0F2B88FE2900D6F792 /* Photo.swift */; };
		3D075E132B892ED100D6F792 /* NetworkingManager.swift in Sources */ = {isa = PBXBuildFile; fileRef = 3D075E122B892ED100D6F792 /* NetworkingManager.swift */; };
		3D075E152B8A097800D6F792 /* ImageSearchViewModel.swift in Sources */ = {isa = PBXBuildFile; fileRef = 3D075E142B8A097800D6F792 /* ImageSearchViewModel.swift */; };
		3D075E172B8AC7E600D6F792 /* Endpoint.swift in Sources */ = {isa = PBXBuildFile; fileRef = 3D075E162B8AC7E600D6F792 /* Endpoint.swift */; };
/* End PBXBuildFile section */

/* Begin PBXFileReference section */
		3D075DE92B87DD9B00D6F792 /* FlickrImageSearch.app */ = {isa = PBXFileReference; explicitFileType = wrapper.application; includeInIndex = 0; path = FlickrImageSearch.app; sourceTree = BUILT_PRODUCTS_DIR; };
		3D075DEC2B87DD9B00D6F792 /* FlickrImageSearchApp.swift */ = {isa = PBXFileReference; lastKnownFileType = sourcecode.swift; path = FlickrImageSearchApp.swift; sourceTree = "<group>"; };
		3D075DF02B87DD9C00D6F792 /* Assets.xcassets */ = {isa = PBXFileReference; lastKnownFileType = folder.assetcatalog; path = Assets.xcassets; sourceTree = "<group>"; };
		3D075DF32B87DD9C00D6F792 /* Preview Assets.xcassets */ = {isa = PBXFileReference; lastKnownFileType = folder.assetcatalog; path = "Preview Assets.xcassets"; sourceTree = "<group>"; };
		3D075DFB2B87E50500D6F792 /* Theme.swift */ = {isa = PBXFileReference; lastKnownFileType = sourcecode.swift; path = Theme.swift; sourceTree = "<group>"; };
		3D075E042B88CAA200D6F792 /* ImagesStaticData.json */ = {isa = PBXFileReference; lastKnownFileType = text.json; path = ImagesStaticData.json; sourceTree = "<group>"; };
		3D075E062B88D2E800D6F792 /* PhotosSearchResponse.swift */ = {isa = PBXFileReference; lastKnownFileType = sourcecode.swift; path = PhotosSearchResponse.swift; sourceTree = "<group>"; };
		3D075E092B88E0B400D6F792 /* StaticJSONMapper.swift */ = {isa = PBXFileReference; lastKnownFileType = sourcecode.swift; path = StaticJSONMapper.swift; sourceTree = "<group>"; };
		3D075E0B2B88E68500D6F792 /* ImageSearchView.swift */ = {isa = PBXFileReference; lastKnownFileType = sourcecode.swift; path = ImageSearchView.swift; sourceTree = "<group>"; };
		3D075E0D2B88F6D200D6F792 /* ImageCellView.swift */ = {isa = PBXFileReference; lastKnownFileType = sourcecode.swift; path = ImageCellView.swift; sourceTree = "<group>"; };
		3D075E0F2B88FE2900D6F792 /* Photo.swift */ = {isa = PBXFileReference; lastKnownFileType = sourcecode.swift; path = Photo.swift; sourceTree = "<group>"; };
		3D075E122B892ED100D6F792 /* NetworkingManager.swift */ = {isa = PBXFileReference; lastKnownFileType = sourcecode.swift; path = NetworkingManager.swift; sourceTree = "<group>"; };
		3D075E142B8A097800D6F792 /* ImageSearchViewModel.swift */ = {isa = PBXFileReference; lastKnownFileType = sourcecode.swift; path = ImageSearchViewModel.swift; sourceTree = "<group>"; };
		3D075E162B8AC7E600D6F792 /* Endpoint.swift */ = {isa = PBXFileReference; lastKnownFileType = sourcecode.swift; path = Endpoint.swift; sourceTree = "<group>"; };
/* End PBXFileReference section */

/* Begin PBXFrameworksBuildPhase section */
		3D075DE62B87DD9B00D6F792 /* Frameworks */ = {
			isa = PBXFrameworksBuildPhase;
			buildActionMask = 2147483647;
			files = (
			);
			runOnlyForDeploymentPostprocessing = 0;
		};
/* End PBXFrameworksBuildPhase section */

/* Begin PBXGroup section */
		3D075DE02B87DD9A00D6F792 = {
			isa = PBXGroup;
			children = (
				3D075DEB2B87DD9B00D6F792 /* FlickrImageSearch */,
				3D075DEA2B87DD9B00D6F792 /* Products */,
			);
			sourceTree = "<group>";
		};
		3D075DEA2B87DD9B00D6F792 /* Products */ = {
			isa = PBXGroup;
			children = (
				3D075DE92B87DD9B00D6F792 /* FlickrImageSearch.app */,
			);
			name = Products;
			sourceTree = "<group>";
		};
		3D075DEB2B87DD9B00D6F792 /* FlickrImageSearch */ = {
			isa = PBXGroup;
			children = (
				3D075DFE2B87E5A300D6F792 /* Features */,
				3D075DFD2B87E58F00D6F792 /* Base */,
				3D075DFA2B87DDDC00D6F792 /* Resources */,
				3D075DEC2B87DD9B00D6F792 /* FlickrImageSearchApp.swift */,
				3D075DF02B87DD9C00D6F792 /* Assets.xcassets */,
				3D075DF22B87DD9C00D6F792 /* Preview Content */,
			);
			path = FlickrImageSearch;
			sourceTree = "<group>";
		};
		3D075DF22B87DD9C00D6F792 /* Preview Content */ = {
			isa = PBXGroup;
			children = (
				3D075DF32B87DD9C00D6F792 /* Preview Assets.xcassets */,
			);
			path = "Preview Content";
			sourceTree = "<group>";
		};
		3D075DFA2B87DDDC00D6F792 /* Resources */ = {
			isa = PBXGroup;
			children = (
				3D075E032B88CA4600D6F792 /* JSON */,
				3D075DFB2B87E50500D6F792 /* Theme.swift */,
			);
			path = Resources;
			sourceTree = "<group>";
		};
		3D075DFD2B87E58F00D6F792 /* Base */ = {
			isa = PBXGroup;
			children = (
				3D075E112B892EA900D6F792 /* API */,
				3D075E082B88E08A00D6F792 /* Mapper */,
			);
			path = Base;
			sourceTree = "<group>";
		};
		3D075DFE2B87E5A300D6F792 /* Features */ = {
			isa = PBXGroup;
			children = (
				3D075DFF2B87E5F500D6F792 /* Search */,
			);
			path = Features;
			sourceTree = "<group>";
		};
		3D075DFF2B87E5F500D6F792 /* Search */ = {
			isa = PBXGroup;
			children = (
				3D075E022B87E62A00D6F792 /* View Models */,
				3D075E012B87E61600D6F792 /* Model */,
				3D075E002B87E60F00D6F792 /* Views */,
			);
			path = Search;
			sourceTree = "<group>";
		};
		3D075E002B87E60F00D6F792 /* Views */ = {
			isa = PBXGroup;
			children = (
				3D075E0B2B88E68500D6F792 /* ImageSearchView.swift */,
				3D075E0D2B88F6D200D6F792 /* ImageCellView.swift */,
			);
			path = Views;
			sourceTree = "<group>";
		};
		3D075E012B87E61600D6F792 /* Model */ = {
			isa = PBXGroup;
			children = (
				3D075E062B88D2E800D6F792 /* PhotosSearchResponse.swift */,
				3D075E0F2B88FE2900D6F792 /* Photo.swift */,
			);
			path = Model;
			sourceTree = "<group>";
		};
		3D075E022B87E62A00D6F792 /* View Models */ = {
			isa = PBXGroup;
			children = (
				3D075E142B8A097800D6F792 /* ImageSearchViewModel.swift */,
			);
			path = "View Models";
			sourceTree = "<group>";
		};
		3D075E032B88CA4600D6F792 /* JSON */ = {
			isa = PBXGroup;
			children = (
				3D075E042B88CAA200D6F792 /* ImagesStaticData.json */,
			);
			path = JSON;
			sourceTree = "<group>";
		};
		3D075E082B88E08A00D6F792 /* Mapper */ = {
			isa = PBXGroup;
			children = (
				3D075E092B88E0B400D6F792 /* StaticJSONMapper.swift */,
			);
			path = Mapper;
			sourceTree = "<group>";
		};
		3D075E112B892EA900D6F792 /* API */ = {
			isa = PBXGroup;
			children = (
				3D075E122B892ED100D6F792 /* NetworkingManager.swift */,
				3D075E162B8AC7E600D6F792 /* Endpoint.swift */,
			);
			path = API;
			sourceTree = "<group>";
		};
/* End PBXGroup section */

/* Begin PBXNativeTarget section */
		3D075DE82B87DD9B00D6F792 /* FlickrImageSearch */ = {
			isa = PBXNativeTarget;
			buildConfigurationList = 3D075DF72B87DD9C00D6F792 /* Build configuration list for PBXNativeTarget "FlickrImageSearch" */;
			buildPhases = (
				3D075DE52B87DD9B00D6F792 /* Sources */,
				3D075DE62B87DD9B00D6F792 /* Frameworks */,
				3D075DE72B87DD9B00D6F792 /* Resources */,
			);
			buildRules = (
			);
			dependencies = (
			);
			name = FlickrImageSearch;
			productName = FlickrImageSearch;
			productReference = 3D075DE92B87DD9B00D6F792 /* FlickrImageSearch.app */;
			productType = "com.apple.product-type.application";
		};
/* End PBXNativeTarget section */

/* Begin PBXProject section */
		3D075DE12B87DD9A00D6F792 /* Project object */ = {
			isa = PBXProject;
			attributes = {
				BuildIndependentTargetsInParallel = 1;
				LastSwiftUpdateCheck = 1510;
				LastUpgradeCheck = 1510;
				TargetAttributes = {
					3D075DE82B87DD9B00D6F792 = {
						CreatedOnToolsVersion = 15.1;
					};
				};
			};
			buildConfigurationList = 3D075DE42B87DD9A00D6F792 /* Build configuration list for PBXProject "FlickrImageSearch" */;
			compatibilityVersion = "Xcode 14.0";
			developmentRegion = en;
			hasScannedForEncodings = 0;
			knownRegions = (
				en,
				Base,
			);
			mainGroup = 3D075DE02B87DD9A00D6F792;
			productRefGroup = 3D075DEA2B87DD9B00D6F792 /* Products */;
			projectDirPath = "";
			projectRoot = "";
			targets = (
				3D075DE82B87DD9B00D6F792 /* FlickrImageSearch */,
			);
		};
/* End PBXProject section */

/* Begin PBXResourcesBuildPhase section */
		3D075DE72B87DD9B00D6F792 /* Resources */ = {
			isa = PBXResourcesBuildPhase;
			buildActionMask = 2147483647;
			files = (
				3D075DF42B87DD9C00D6F792 /* Preview Assets.xcassets in Resources */,
				3D075DF12B87DD9C00D6F792 /* Assets.xcassets in Resources */,
				3D075E052B88CAA200D6F792 /* ImagesStaticData.json in Resources */,
			);
			runOnlyForDeploymentPostprocessing = 0;
		};
/* End PBXResourcesBuildPhase section */

/* Begin PBXSourcesBuildPhase section */
		3D075DE52B87DD9B00D6F792 /* Sources */ = {
			isa = PBXSourcesBuildPhase;
			buildActionMask = 2147483647;
			files = (
				3D075E102B88FE2900D6F792 /* Photo.swift in Sources */,
				3D075E0E2B88F6D200D6F792 /* ImageCellView.swift in Sources */,
				3D075DFC2B87E50500D6F792 /* Theme.swift in Sources */,
				3D075E0C2B88E68500D6F792 /* ImageSearchView.swift in Sources */,
				3D075E172B8AC7E600D6F792 /* Endpoint.swift in Sources */,
				3D075DED2B87DD9B00D6F792 /* FlickrImageSearchApp.swift in Sources */,
				3D075E132B892ED100D6F792 /* NetworkingManager.swift in Sources */,
				3D075E152B8A097800D6F792 /* ImageSearchViewModel.swift in Sources */,
				3D075E072B88D2E800D6F792 /* PhotosSearchResponse.swift in Sources */,
				3D075E0A2B88E0B400D6F792 /* StaticJSONMapper.swift in Sources */,
			);
			runOnlyForDeploymentPostprocessing = 0;
		};
/* End PBXSourcesBuildPhase section */

/* Begin XCBuildConfiguration section */
		3D075DF52B87DD9C00D6F792 /* Debug */ = {
			isa = XCBuildConfiguration;
			buildSettings = {
				ALWAYS_SEARCH_USER_PATHS = NO;
				ASSETCATALOG_COMPILER_GENERATE_SWIFT_ASSET_SYMBOL_EXTENSIONS = YES;
				CLANG_ANALYZER_NONNULL = YES;
				CLANG_ANALYZER_NUMBER_OBJECT_CONVERSION = YES_AGGRESSIVE;
				CLANG_CXX_LANGUAGE_STANDARD = "gnu++20";
				CLANG_ENABLE_MODULES = YES;
				CLANG_ENABLE_OBJC_ARC = YES;
				CLANG_ENABLE_OBJC_WEAK = YES;
				CLANG_WARN_BLOCK_CAPTURE_AUTORELEASING = YES;
				CLANG_WARN_BOOL_CONVERSION = YES;
				CLANG_WARN_COMMA = YES;
				CLANG_WARN_CONSTANT_CONVERSION = YES;
				CLANG_WARN_DEPRECATED_OBJC_IMPLEMENTATIONS = YES;
				CLANG_WARN_DIRECT_OBJC_ISA_USAGE = YES_ERROR;
				CLANG_WARN_DOCUMENTATION_COMMENTS = YES;
				CLANG_WARN_EMPTY_BODY = YES;
				CLANG_WARN_ENUM_CONVERSION = YES;
				CLANG_WARN_INFINITE_RECURSION = YES;
				CLANG_WARN_INT_CONVERSION = YES;
				CLANG_WARN_NON_LITERAL_NULL_CONVERSION = YES;
				CLANG_WARN_OBJC_IMPLICIT_RETAIN_SELF = YES;
				CLANG_WARN_OBJC_LITERAL_CONVERSION = YES;
				CLANG_WARN_OBJC_ROOT_CLASS = YES_ERROR;
				CLANG_WARN_QUOTED_INCLUDE_IN_FRAMEWORK_HEADER = YES;
				CLANG_WARN_RANGE_LOOP_ANALYSIS = YES;
				CLANG_WARN_STRICT_PROTOTYPES = YES;
				CLANG_WARN_SUSPICIOUS_MOVE = YES;
				CLANG_WARN_UNGUARDED_AVAILABILITY = YES_AGGRESSIVE;
				CLANG_WARN_UNREACHABLE_CODE = YES;
				CLANG_WARN__DUPLICATE_METHOD_MATCH = YES;
				COPY_PHASE_STRIP = NO;
				DEBUG_INFORMATION_FORMAT = dwarf;
				ENABLE_STRICT_OBJC_MSGSEND = YES;
				ENABLE_TESTABILITY = YES;
				ENABLE_USER_SCRIPT_SANDBOXING = YES;
				GCC_C_LANGUAGE_STANDARD = gnu17;
				GCC_DYNAMIC_NO_PIC = NO;
				GCC_NO_COMMON_BLOCKS = YES;
				GCC_OPTIMIZATION_LEVEL = 0;
				GCC_PREPROCESSOR_DEFINITIONS = (
					"DEBUG=1",
					"$(inherited)",
				);
				GCC_WARN_64_TO_32_BIT_CONVERSION = YES;
				GCC_WARN_ABOUT_RETURN_TYPE = YES_ERROR;
				GCC_WARN_UNDECLARED_SELECTOR = YES;
				GCC_WARN_UNINITIALIZED_AUTOS = YES_AGGRESSIVE;
				GCC_WARN_UNUSED_FUNCTION = YES;
				GCC_WARN_UNUSED_VARIABLE = YES;
				IPHONEOS_DEPLOYMENT_TARGET = 17.2;
				LOCALIZATION_PREFERS_STRING_CATALOGS = YES;
				MTL_ENABLE_DEBUG_INFO = INCLUDE_SOURCE;
				MTL_FAST_MATH = YES;
				ONLY_ACTIVE_ARCH = YES;
				SDKROOT = iphoneos;
				SWIFT_ACTIVE_COMPILATION_CONDITIONS = "DEBUG $(inherited)";
				SWIFT_OPTIMIZATION_LEVEL = "-Onone";
			};
			name = Debug;
		};
		3D075DF62B87DD9C00D6F792 /* Release */ = {
			isa = XCBuildConfiguration;
			buildSettings = {
				ALWAYS_SEARCH_USER_PATHS = NO;
				ASSETCATALOG_COMPILER_GENERATE_SWIFT_ASSET_SYMBOL_EXTENSIONS = YES;
				CLANG_ANALYZER_NONNULL = YES;
				CLANG_ANALYZER_NUMBER_OBJECT_CONVERSION = YES_AGGRESSIVE;
				CLANG_CXX_LANGUAGE_STANDARD = "gnu++20";
				CLANG_ENABLE_MODULES = YES;
				CLANG_ENABLE_OBJC_ARC = YES;
				CLANG_ENABLE_OBJC_WEAK = YES;
				CLANG_WARN_BLOCK_CAPTURE_AUTORELEASING = YES;
				CLANG_WARN_BOOL_CONVERSION = YES;
				CLANG_WARN_COMMA = YES;
				CLANG_WARN_CONSTANT_CONVERSION = YES;
				CLANG_WARN_DEPRECATED_OBJC_IMPLEMENTATIONS = YES;
				CLANG_WARN_DIRECT_OBJC_ISA_USAGE = YES_ERROR;
				CLANG_WARN_DOCUMENTATION_COMMENTS = YES;
				CLANG_WARN_EMPTY_BODY = YES;
				CLANG_WARN_ENUM_CONVERSION = YES;
				CLANG_WARN_INFINITE_RECURSION = YES;
				CLANG_WARN_INT_CONVERSION = YES;
				CLANG_WARN_NON_LITERAL_NULL_CONVERSION = YES;
				CLANG_WARN_OBJC_IMPLICIT_RETAIN_SELF = YES;
				CLANG_WARN_OBJC_LITERAL_CONVERSION = YES;
				CLANG_WARN_OBJC_ROOT_CLASS = YES_ERROR;
				CLANG_WARN_QUOTED_INCLUDE_IN_FRAMEWORK_HEADER = YES;
				CLANG_WARN_RANGE_LOOP_ANALYSIS = YES;
				CLANG_WARN_STRICT_PROTOTYPES = YES;
				CLANG_WARN_SUSPICIOUS_MOVE = YES;
				CLANG_WARN_UNGUARDED_AVAILABILITY = YES_AGGRESSIVE;
				CLANG_WARN_UNREACHABLE_CODE = YES;
				CLANG_WARN__DUPLICATE_METHOD_MATCH = YES;
				COPY_PHASE_STRIP = NO;
				DEBUG_INFORMATION_FORMAT = "dwarf-with-dsym";
				ENABLE_NS_ASSERTIONS = NO;
				ENABLE_STRICT_OBJC_MSGSEND = YES;
				ENABLE_USER_SCRIPT_SANDBOXING = YES;
				GCC_C_LANGUAGE_STANDARD = gnu17;
				GCC_NO_COMMON_BLOCKS = YES;
				GCC_WARN_64_TO_32_BIT_CONVERSION = YES;
				GCC_WARN_ABOUT_RETURN_TYPE = YES_ERROR;
				GCC_WARN_UNDECLARED_SELECTOR = YES;
				GCC_WARN_UNINITIALIZED_AUTOS = YES_AGGRESSIVE;
				GCC_WARN_UNUSED_FUNCTION = YES;
				GCC_WARN_UNUSED_VARIABLE = YES;
				IPHONEOS_DEPLOYMENT_TARGET = 17.2;
				LOCALIZATION_PREFERS_STRING_CATALOGS = YES;
				MTL_ENABLE_DEBUG_INFO = NO;
				MTL_FAST_MATH = YES;
				SDKROOT = iphoneos;
				SWIFT_COMPILATION_MODE = wholemodule;
				VALIDATE_PRODUCT = YES;
			};
			name = Release;
		};
		3D075DF82B87DD9C00D6F792 /* Debug */ = {
			isa = XCBuildConfiguration;
			buildSettings = {
				ASSETCATALOG_COMPILER_APPICON_NAME = AppIcon;
				ASSETCATALOG_COMPILER_GLOBAL_ACCENT_COLOR_NAME = AccentColor;
				CODE_SIGN_STYLE = Automatic;
				CURRENT_PROJECT_VERSION = 1;
				DEVELOPMENT_ASSET_PATHS = "\"FlickrImageSearch/Preview Content\"";
				DEVELOPMENT_TEAM = K9V8ERLS88;
				ENABLE_PREVIEWS = YES;
				GENERATE_INFOPLIST_FILE = YES;
				INFOPLIST_KEY_UIApplicationSceneManifest_Generation = YES;
				INFOPLIST_KEY_UIApplicationSupportsIndirectInputEvents = YES;
				INFOPLIST_KEY_UILaunchScreen_Generation = YES;
				INFOPLIST_KEY_UISupportedInterfaceOrientations_iPad = "UIInterfaceOrientationPortrait UIInterfaceOrientationPortraitUpsideDown UIInterfaceOrientationLandscapeLeft UIInterfaceOrientationLandscapeRight";
				INFOPLIST_KEY_UISupportedInterfaceOrientations_iPhone = "UIInterfaceOrientationPortrait UIInterfaceOrientationLandscapeLeft UIInterfaceOrientationLandscapeRight";
				LD_RUNPATH_SEARCH_PATHS = (
					"$(inherited)",
					"@executable_path/Frameworks",
				);
				MARKETING_VERSION = 1.0;
				PRODUCT_BUNDLE_IDENTIFIER = self.ravikanth.FlickrImageSearch;
				PRODUCT_NAME = "$(TARGET_NAME)";
				SWIFT_EMIT_LOC_STRINGS = YES;
				SWIFT_VERSION = 5.0;
				TARGETED_DEVICE_FAMILY = "1,2";
			};
			name = Debug;
		};
		3D075DF92B87DD9C00D6F792 /* Release */ = {
			isa = XCBuildConfiguration;
			buildSettings = {
				ASSETCATALOG_COMPILER_APPICON_NAME = AppIcon;
				ASSETCATALOG_COMPILER_GLOBAL_ACCENT_COLOR_NAME = AccentColor;
				CODE_SIGN_STYLE = Automatic;
				CURRENT_PROJECT_VERSION = 1;
				DEVELOPMENT_ASSET_PATHS = "\"FlickrImageSearch/Preview Content\"";
				DEVELOPMENT_TEAM = K9V8ERLS88;
				ENABLE_PREVIEWS = YES;
				GENERATE_INFOPLIST_FILE = YES;
				INFOPLIST_KEY_UIApplicationSceneManifest_Generation = YES;
				INFOPLIST_KEY_UIApplicationSupportsIndirectInputEvents = YES;
				INFOPLIST_KEY_UILaunchScreen_Generation = YES;
				INFOPLIST_KEY_UISupportedInterfaceOrientations_iPad = "UIInterfaceOrientationPortrait UIInterfaceOrientationPortraitUpsideDown UIInterfaceOrientationLandscapeLeft UIInterfaceOrientationLandscapeRight";
				INFOPLIST_KEY_UISupportedInterfaceOrientations_iPhone = "UIInterfaceOrientationPortrait UIInterfaceOrientationLandscapeLeft UIInterfaceOrientationLandscapeRight";
				LD_RUNPATH_SEARCH_PATHS = (
					"$(inherited)",
					"@executable_path/Frameworks",
				);
				MARKETING_VERSION = 1.0;
				PRODUCT_BUNDLE_IDENTIFIER = self.ravikanth.FlickrImageSearch;
				PRODUCT_NAME = "$(TARGET_NAME)";
				SWIFT_EMIT_LOC_STRINGS = YES;
				SWIFT_VERSION = 5.0;
				TARGETED_DEVICE_FAMILY = "1,2";
			};
			name = Release;
		};
/* End XCBuildConfiguration section */

/* Begin XCConfigurationList section */
		3D075DE42B87DD9A00D6F792 /* Build configuration list for PBXProject "FlickrImageSearch" */ = {
			isa = XCConfigurationList;
			buildConfigurations = (
				3D075DF52B87DD9C00D6F792 /* Debug */,
				3D075DF62B87DD9C00D6F792 /* Release */,
			);
			defaultConfigurationIsVisible = 0;
			defaultConfigurationName = Release;
		};
		3D075DF72B87DD9C00D6F792 /* Build configuration list for PBXNativeTarget "FlickrImageSearch" */ = {
			isa = XCConfigurationList;
			buildConfigurations = (
				3D075DF82B87DD9C00D6F792 /* Debug */,
				3D075DF92B87DD9C00D6F792 /* Release */,
			);
			defaultConfigurationIsVisible = 0;
			defaultConfigurationName = Release;
		};
/* End XCConfigurationList section */
	};
	rootObject = 3D075DE12B87DD9A00D6F792 /* Project object */;
}
